
Microsoft Visual Studio Solution File, Format Version 12.00
# Visual Studio Version 16
VisualStudioVersion = 16.0.30804.86
MinimumVisualStudioVersion = 10.0.40219.1
Project("{8BC9CEB8-8B4A-11D0-8D11-00A0C91BC942}") = "leetcode22", "leetcode22.vcxproj", "{BF502084-76AD-4853-B527-F79362A0150F}"
EndProject
Global
	GlobalSection(SolutionConfigurationPlatforms) = preSolution
		Debug|x64 = Debug|x64
		Debug|x86 = Debug|x86
		Release|x64 = Release|x64
		Release|x86 = Release|x86
	EndGlobalSection
	GlobalSection(ProjectConfigurationPlatforms) = postSolution
		{BF502084-76AD-4853-B527-F79362A0150F}.Debug|x64.ActiveCfg = Debug|x64
		{BF502084-76AD-4853-B527-F79362A0150F}.Debug|x64.Build.0 = Debug|x64
		{BF502084-76AD-4853-B527-F79362A0150F}.Debug|x86.ActiveCfg = Debug|Win32
		{BF502084-76AD-4853-B527-F79362A0150F}.Debug|x86.Build.0 = Debug|Win32
		{BF502084-76AD-4853-B527-F79362A0150F}.Release|x64.ActiveCfg = Release|x64
		{BF502084-76AD-4853-B527-F79362A0150F}.Release|x64.Build.0 = Release|x64
		{BF502084-76AD-4853-B527-F79362A0150F}.Release|x86.ActiveCfg = Release|Win32
		{BF502084-76AD-4853-B527-F79362A0150F}.Release|x86.Build.0 = Release|Win32
	EndGlobalSection
	GlobalSection(SolutionProperties) = preSolution
		HideSolutionNode = FALSE
	EndGlobalSection
	GlobalSection(ExtensibilityGlobals) = postSolution
		SolutionGuid = {D422355E-4A5D-45E8-957A-6B6D734BADFB}
	EndGlobalSection
EndGlobal
